
Microsoft Visual Studio Solution File, Format Version 12.00
# Visual Studio Version 17
VisualStudioVersion = 17.6.33723.286
MinimumVisualStudioVersion = 10.0.40219.1
Project("{FAE04EC0-301F-11D3-BF4B-00C04F79EFBC}") = "Snake", "Snake\Snake.csproj", "{211DF247-8088-4FBD-A414-81839871C4FF}"
EndProject
Global
	GlobalSection(SolutionConfigurationPlatforms) = preSolution
		Debug|Any CPU = Debug|Any CPU
		Release|Any CPU = Release|Any CPU
	EndGlobalSection
	GlobalSection(ProjectConfigurationPlatforms) = postSolution
		{211DF247-8088-4FBD-A414-81839871C4FF}.Debug|Any CPU.ActiveCfg = Debug|Any CPU
		{211DF247-8088-4FBD-A414-81839871C4FF}.Debug|Any CPU.Build.0 = Debug|Any CPU
		{211DF247-8088-4FBD-A414-81839871C4FF}.Release|Any CPU.ActiveCfg = Release|Any CPU
		{211DF247-8088-4FBD-A414-81839871C4FF}.Release|Any CPU.Build.0 = Release|Any CPU
	EndGlobalSection
	GlobalSection(SolutionProperties) = preSolution
		HideSolutionNode = FALSE
	EndGlobalSection
	GlobalSection(ExtensibilityGlobals) = postSolution
		SolutionGuid = {C420DB37-4129-4CA1-99AA-369C2BE0AAA8}
	EndGlobalSection
EndGlobal
